
Microsoft Visual Studio Solution File, Format Version 12.00
# Visual Studio Version 17
VisualStudioVersion = 17.9.34723.18
MinimumVisualStudioVersion = 10.0.40219.1
Project("{FAE04EC0-301F-11D3-BF4B-00C04F79EFBC}") = "EmilioAlbornoz_ExamenP1", "EmilioAlbornoz_ExamenP1\EmilioAlbornoz_ExamenP1.csproj", "{78184992-8785-428E-9B3D-2668E23477DE}"
EndProject
Global
	GlobalSection(SolutionConfigurationPlatforms) = preSolution
		Debug|Any CPU = Debug|Any CPU
		Release|Any CPU = Release|Any CPU
	EndGlobalSection
	GlobalSection(ProjectConfigurationPlatforms) = postSolution
		{78184992-8785-428E-9B3D-2668E23477DE}.Debug|Any CPU.ActiveCfg = Debug|Any CPU
		{78184992-8785-428E-9B3D-2668E23477DE}.Debug|Any CPU.Build.0 = Debug|Any CPU
		{78184992-8785-428E-9B3D-2668E23477DE}.Release|Any CPU.ActiveCfg = Release|Any CPU
		{78184992-8785-428E-9B3D-2668E23477DE}.Release|Any CPU.Build.0 = Release|Any CPU
	EndGlobalSection
	GlobalSection(SolutionProperties) = preSolution
		HideSolutionNode = FALSE
	EndGlobalSection
	GlobalSection(ExtensibilityGlobals) = postSolution
		SolutionGuid = {5444D8BE-0CB6-47A4-B10E-6943280F0CE4}
	EndGlobalSection
EndGlobal
